{
    "_readme": [
        "This file locks the dependencies of your project to a known state",
        "Read more about it at https://getcomposer.org/doc/01-basic-usage.md#installing-dependencies",
        "This file is @generated automatically"
    ],
    "content-hash": "30522a06aea3973f56a0a1b32fa523f5",
    "packages": [
        {
            "name": "composer/installers",
            "version": "v1.12.0",
            "source": {
                "type": "git",
                "url": "https://github.com/composer/installers.git",
                "reference": "d20a64ed3c94748397ff5973488761b22f6d3f19"
            },
            "dist": {
                "type": "zip",
                "url": "https://api.github.com/repos/composer/installers/zipball/d20a64ed3c94748397ff5973488761b22f6d3f19",
                "reference": "d20a64ed3c94748397ff5973488761b22f6d3f19",
                "shasum": ""
            },
            "require": {
                "composer-plugin-api": "^1.0 || ^2.0"
            },
            "replace": {
                "roundcube/plugin-installer": "*",
                "shama/baton": "*"
            },
            "require-dev": {
                "composer/composer": "1.6.* || ^2.0",
                "composer/semver": "^1 || ^3",
                "phpstan/phpstan": "^0.12.55",
                "phpstan/phpstan-phpunit": "^0.12.16",
                "symfony/phpunit-bridge": "^4.2 || ^5",
                "symfony/process": "^2.3"
            },
            "type": "composer-plugin",
            "extra": {
                "class": "Composer\\Installers\\Plugin",
                "branch-alias": {
                    "dev-main": "1.x-dev"
                }
            },
            "autoload": {
                "psr-4": {
                    "Composer\\Installers\\": "src/Composer/Installers"
                }
            },
            "notification-url": "https://packagist.org/downloads/",
            "license": [
                "MIT"
            ],
            "authors": [
                {
                    "name": "Kyle Robinson Young",
                    "email": "kyle@dontkry.com",
                    "homepage": "https://github.com/shama"
                }
            ],
            "description": "A multi-framework Composer library installer",
            "homepage": "https://composer.github.io/installers/",
            "keywords": [
                "Craft",
                "Dolibarr",
                "Eliasis",
                "Hurad",
                "ImageCMS",
                "Kanboard",
                "Lan Management System",
                "MODX Evo",
                "MantisBT",
                "Mautic",
                "Maya",
                "OXID",
                "Plentymarkets",
                "Porto",
                "RadPHP",
                "SMF",
                "Starbug",
                "Thelia",
                "Whmcs",
                "WolfCMS",
                "agl",
                "aimeos",
                "annotatecms",
                "attogram",
                "bitrix",
                "cakephp",
                "chef",
                "cockpit",
                "codeigniter",
                "concrete5",
                "croogo",
                "dokuwiki",
                "drupal",
                "eZ Platform",
                "elgg",
                "expressionengine",
                "fuelphp",
                "grav",
                "installer",
                "itop",
                "joomla",
                "known",
                "kohana",
                "laravel",
                "lavalite",
                "lithium",
                "magento",
                "majima",
                "mako",
                "mediawiki",
                "miaoxing",
                "modulework",
                "modx",
                "moodle",
                "osclass",
                "pantheon",
                "phpbb",
                "piwik",
                "ppi",
                "processwire",
                "puppet",
                "pxcms",
                "reindex",
                "roundcube",
                "shopware",
                "silverstripe",
                "sydes",
                "sylius",
                "symfony",
                "tastyigniter",
                "typo3",
                "wordpress",
                "yawik",
                "zend",
                "zikula"
            ],
            "support": {
                "issues": "https://github.com/composer/installers/issues",
                "source": "https://github.com/composer/installers/tree/v1.12.0"
            },
            "funding": [
                {
                    "url": "https://packagist.com",
                    "type": "custom"
                },
                {
                    "url": "https://github.com/composer",
                    "type": "github"
                },
                {
                    "url": "https://tidelift.com/funding/github/packagist/composer/composer",
                    "type": "tidelift"
                }
            ],
            "time": "2021-09-13T08:19:44+00:00"
        },
        {
            "name": "dg/adminer-custom",
            "version": "v1.33.0",
            "source": {
                "type": "git",
                "url": "https://github.com/dg/adminer.git",
                "reference": "d0ee0b9852e12828f3a545f32ae66289dcbec414"
            },
            "dist": {
                "type": "zip",
                "url": "https://api.github.com/repos/dg/adminer/zipball/d0ee0b9852e12828f3a545f32ae66289dcbec414",
                "reference": "d0ee0b9852e12828f3a545f32ae66289dcbec414",
                "shasum": ""
            },
            "type": "library",
            "notification-url": "https://packagist.org/downloads/",
            "description": "Customization for Adminer, the best database management tool written in PHP.",
            "keywords": [
                "database",
                "elasticsearch",
                "mongodb",
                "mssql",
                "mysql",
                "oracle",
                "postgresql",
                "sqlite"
            ],
            "support": {
                "source": "https://github.com/dg/adminer/tree/v1.33.0"
            },
            "time": "2024-04-26T19:11:49+00:00"
        },
        {
            "name": "johnpbloch/wordpress",
            "version": "6.5.4",
            "source": {
                "type": "git",
                "url": "https://github.com/johnpbloch/wordpress.git",
                "reference": "435a5320201357f7232fb5745024a123cbfb69c0"
            },
            "dist": {
                "type": "zip",
                "url": "https://api.github.com/repos/johnpbloch/wordpress/zipball/435a5320201357f7232fb5745024a123cbfb69c0",
                "reference": "435a5320201357f7232fb5745024a123cbfb69c0",
                "shasum": ""
            },
            "require": {
                "johnpbloch/wordpress-core": "6.5.4",
                "johnpbloch/wordpress-core-installer": "^1.0 || ^2.0",
                "php": ">=7.0.0"
            },
            "type": "package",
            "notification-url": "https://packagist.org/downloads/",
            "license": [
                "GPL-2.0-or-later"
            ],
            "authors": [
                {
                    "name": "WordPress Community",
                    "homepage": "https://wordpress.org/about/"
                }
            ],
            "description": "WordPress is open source software you can use to create a beautiful website, blog, or app.",
            "homepage": "https://wordpress.org/",
            "keywords": [
                "blog",
                "cms",
                "wordpress"
            ],
            "support": {
                "docs": "https://developer.wordpress.org/",
                "forum": "https://wordpress.org/support/",
                "irc": "irc://irc.freenode.net/wordpress",
                "issues": "https://core.trac.wordpress.org/",
                "source": "https://core.trac.wordpress.org/browser"
            },
            "time": "2024-06-05T15:31:11+00:00"
        },
        {
            "name": "johnpbloch/wordpress-core",
            "version": "6.5.4",
            "source": {
                "type": "git",
                "url": "https://github.com/johnpbloch/wordpress-core.git",
                "reference": "3ca1d2c88cc4b4d06e860424b38ff9ac9a6e200c"
            },
            "dist": {
                "type": "zip",
                "url": "https://api.github.com/repos/johnpbloch/wordpress-core/zipball/3ca1d2c88cc4b4d06e860424b38ff9ac9a6e200c",
                "reference": "3ca1d2c88cc4b4d06e860424b38ff9ac9a6e200c",
                "shasum": ""
            },
            "require": {
                "ext-json": "*",
                "php": ">=7.0.0"
            },
            "provide": {
                "wordpress/core-implementation": "6.5.4"
            },
            "type": "wordpress-core",
            "notification-url": "https://packagist.org/downloads/",
            "license": [
                "GPL-2.0-or-later"
            ],
            "authors": [
                {
                    "name": "WordPress Community",
                    "homepage": "https://wordpress.org/about/"
                }
            ],
            "description": "WordPress is open source software you can use to create a beautiful website, blog, or app.",
            "homepage": "https://wordpress.org/",
            "keywords": [
                "blog",
                "cms",
                "wordpress"
            ],
            "support": {
                "forum": "https://wordpress.org/support/",
                "irc": "irc://irc.freenode.net/wordpress",
                "issues": "https://core.trac.wordpress.org/",
                "source": "https://core.trac.wordpress.org/browser",
                "wiki": "https://codex.wordpress.org/"
            },
            "time": "2024-06-05T15:31:06+00:00"
        },
        {
            "name": "johnpbloch/wordpress-core-installer",
            "version": "2.0.0",
            "source": {
                "type": "git",
                "url": "https://github.com/johnpbloch/wordpress-core-installer.git",
                "reference": "237faae9a60a4a2e1d45dce1a5836ffa616de63e"
            },
            "dist": {
                "type": "zip",
                "url": "https://api.github.com/repos/johnpbloch/wordpress-core-installer/zipball/237faae9a60a4a2e1d45dce1a5836ffa616de63e",
                "reference": "237faae9a60a4a2e1d45dce1a5836ffa616de63e",
                "shasum": ""
            },
            "require": {
                "composer-plugin-api": "^1.0 || ^2.0",
                "php": ">=5.6.0"
            },
            "conflict": {
                "composer/installers": "<1.0.6"
            },
            "require-dev": {
                "composer/composer": "^1.0 || ^2.0",
                "phpunit/phpunit": ">=5.7.27"
            },
            "type": "composer-plugin",
            "extra": {
                "class": "johnpbloch\\Composer\\WordPressCorePlugin"
            },
            "autoload": {
                "psr-0": {
                    "johnpbloch\\Composer\\": "src/"
                }
            },
            "notification-url": "https://packagist.org/downloads/",
            "license": [
                "GPL-2.0-or-later"
            ],
            "authors": [
                {
                    "name": "John P. Bloch",
                    "email": "me@johnpbloch.com"
                }
            ],
            "description": "A custom installer to handle deploying WordPress with composer",
            "keywords": [
                "wordpress"
            ],
            "support": {
                "issues": "https://github.com/johnpbloch/wordpress-core-installer/issues",
                "source": "https://github.com/johnpbloch/wordpress-core-installer/tree/master"
            },
            "time": "2020-04-16T21:44:57+00:00"
        },
        {
            "name": "symfony/deprecation-contracts",
            "version": "v3.5.0",
            "source": {
                "type": "git",
                "url": "https://github.com/symfony/deprecation-contracts.git",
                "reference": "0e0d29ce1f20deffb4ab1b016a7257c4f1e789a1"
            },
            "dist": {
                "type": "zip",
                "url": "https://api.github.com/repos/symfony/deprecation-contracts/zipball/0e0d29ce1f20deffb4ab1b016a7257c4f1e789a1",
                "reference": "0e0d29ce1f20deffb4ab1b016a7257c4f1e789a1",
                "shasum": ""
            },
            "require": {
                "php": ">=8.1"
            },
            "type": "library",
            "extra": {
                "branch-alias": {
                    "dev-main": "3.5-dev"
                },
                "thanks": {
                    "name": "symfony/contracts",
                    "url": "https://github.com/symfony/contracts"
                }
            },
            "autoload": {
                "files": [
                    "function.php"
                ]
            },
            "notification-url": "https://packagist.org/downloads/",
            "license": [
                "MIT"
            ],
            "authors": [
                {
                    "name": "Nicolas Grekas",
                    "email": "p@tchwork.com"
                },
                {
                    "name": "Symfony Community",
                    "homepage": "https://symfony.com/contributors"
                }
            ],
            "description": "A generic function and convention to trigger deprecation notices",
            "homepage": "https://symfony.com",
            "support": {
                "source": "https://github.com/symfony/deprecation-contracts/tree/v3.5.0"
            },
            "funding": [
                {
                    "url": "https://symfony.com/sponsor",
                    "type": "custom"
                },
                {
                    "url": "https://github.com/fabpot",
                    "type": "github"
                },
                {
                    "url": "https://tidelift.com/funding/github/packagist/symfony/symfony",
                    "type": "tidelift"
                }
            ],
            "time": "2024-04-18T09:32:20+00:00"
        },
        {
            "name": "symfony/dotenv",
            "version": "v5.4.40",
            "source": {
                "type": "git",
                "url": "https://github.com/symfony/dotenv.git",
                "reference": "3052dbf22f71e47f6ef7a5efa6aaedfe871ba35d"
            },
            "dist": {
                "type": "zip",
                "url": "https://api.github.com/repos/symfony/dotenv/zipball/3052dbf22f71e47f6ef7a5efa6aaedfe871ba35d",
                "reference": "3052dbf22f71e47f6ef7a5efa6aaedfe871ba35d",
                "shasum": ""
            },
            "require": {
                "php": ">=7.2.5",
                "symfony/deprecation-contracts": "^2.1|^3"
            },
            "require-dev": {
                "symfony/console": "^4.4|^5.0|^6.0",
                "symfony/process": "^4.4|^5.0|^6.0"
            },
            "type": "library",
            "autoload": {
                "psr-4": {
                    "Symfony\\Component\\Dotenv\\": ""
                },
                "exclude-from-classmap": [
                    "/Tests/"
                ]
            },
            "notification-url": "https://packagist.org/downloads/",
            "license": [
                "MIT"
            ],
            "authors": [
                {
                    "name": "Fabien Potencier",
                    "email": "fabien@symfony.com"
                },
                {
                    "name": "Symfony Community",
                    "homepage": "https://symfony.com/contributors"
                }
            ],
            "description": "Registers environment variables from a .env file",
            "homepage": "https://symfony.com",
            "keywords": [
                "dotenv",
                "env",
                "environment"
            ],
            "support": {
                "source": "https://github.com/symfony/dotenv/tree/v5.4.40"
            },
            "funding": [
                {
                    "url": "https://symfony.com/sponsor",
                    "type": "custom"
                },
                {
                    "url": "https://github.com/fabpot",
                    "type": "github"
                },
                {
                    "url": "https://tidelift.com/funding/github/packagist/symfony/symfony",
                    "type": "tidelift"
                }
            ],
            "time": "2024-05-31T14:33:22+00:00"
        },
        {
            "name": "tricarte/admin-menu-search",
            "version": "dev-main",
            "source": {
                "type": "git",
                "url": "https://github.com/tricarte/admin-menu-search.git",
                "reference": "f1de1e22bc2dc98c4b1a5fb2d7a077e88a7c7106"
            },
            "dist": {
                "type": "zip",
                "url": "https://api.github.com/repos/tricarte/admin-menu-search/zipball/f1de1e22bc2dc98c4b1a5fb2d7a077e88a7c7106",
                "reference": "f1de1e22bc2dc98c4b1a5fb2d7a077e88a7c7106",
                "shasum": ""
            },
            "require": {
                "composer/installers": "~1.0"
            },
            "default-branch": true,
            "type": "wordpress-plugin",
            "license": [
                "MIT"
            ],
            "authors": [
                {
                    "name": "tricarte"
                }
            ],
            "description": "Clone of admin-menu-search plugin. Fixes the hardcoded wp-content directory URL.",
            "homepage": "https://github.com/tricarte/admin-menu-search",
            "support": {
                "source": "https://github.com/tricarte/admin-menu-search/tree/main",
                "issues": "https://github.com/tricarte/admin-menu-search/issues"
            },
            "time": "2021-11-21T13:48:57+00:00"
        },
        {
            "name": "wecodemore/wpstarter",
            "version": "3.0.0-beta.13",
            "source": {
                "type": "git",
                "url": "https://github.com/wecodemore/wpstarter.git",
                "reference": "2c1ca15582661cc5b0b04bd108d3d5b7e3f092a3"
            },
            "require": {
                "composer-plugin-api": "^1.10 || ^2",
                "composer/installers": "^1.12.0 || ^2",
                "ext-curl": "*",
                "ext-dom": "*",
                "ext-filter": "*",
                "ext-hash": "*",
                "ext-json": "*",
                "ext-mbstring": "*",
                "ext-mysqli": "*",
                "ext-spl": "*",
                "php": ">=7.1 < 8.3",
                "symfony/dotenv": "^3.4 || ^5"
            },
            "require-dev": {
                "composer/composer": "^2.5.4",
                "composer/package-versions-deprecated": "^1.11.99",
                "inpsyde/php-coding-standards": "^1.0.0",
                "mikey179/vfsstream": "^1.6.11",
                "mockery/mockery": "^1.3.6",
                "phpunit/phpunit": "^7.5.20 || ^9.6.3",
                "roave/security-advisories": "dev-latest",
                "symfony/process": "^3.4.47 || ^5.4.19",
                "vimeo/psalm": "^4.30.0",
                "wp-cli/wp-cli": "^2.7.1"
            },
            "type": "composer-plugin",
            "extra": {
                "class": "WeCodeMore\\WpStarter\\ComposerPlugin",
                "branch-alias": {
                    "dev-master": "2.x-dev",
                    "dev-dev": "3.x-dev",
                    "dev-version-2": "2.x-dev",
                    "dev-version-3": "3.x-dev"
                }
            },
            "autoload": {
                "classmap": [
                    "src/WpStarterCommand.php",
                    "src/ComposerPlugin.php",
                    "src/Env/"
                ]
            },
            "autoload-dev": {
                "psr-4": {
                    "WeCodeMore\\WpStarter\\": "src/",
                    "WeCodeMore\\WpStarter\\Tests\\": "tests/src/",
                    "WeCodeMore\\WpStarter\\Tests\\Unit\\": "tests/unit/",
                    "WeCodeMore\\WpStarter\\Tests\\Integration\\": "tests/integration/"
                }
            },
            "scripts": {
                "cs": [
                    "@php ./vendor/squizlabs/php_codesniffer/bin/phpcs"
                ],
                "phpcompat": [
                    "@php ./vendor/squizlabs/php_codesniffer/bin/phpcs -p . --standard=PHPCompatibility --ignore=*/vendor/*,*tests/fixtures/* --extensions=php --basepath=./ --runtime-set testVersion 7.1-"
                ],
                "psalm": [
                    "@php ./vendor/vimeo/psalm/psalm --no-suggestions --find-unused-psalm-suppress --no-diff --no-cache --no-file-cache"
                ],
                "tests:unit": [
                    "@php ./vendor/phpunit/phpunit/phpunit --testsuite=unit"
                ],
                "tests:unit:no-cov": [
                    "@php ./vendor/phpunit/phpunit/phpunit --testsuite=unit --no-coverage"
                ],
                "tests:integration": [
                    "@php ./vendor/phpunit/phpunit/phpunit --testsuite=integration --no-coverage"
                ]
            },
            "license": [
                "MIT"
            ],
            "authors": [
                {
                    "name": "Giuseppe Mazzapica",
                    "email": "giuseppe.mazzapica@gmail.com",
                    "homepage": "https://gmazzap.me",
                    "role": "Developer"
                }
            ],
            "description": "Composer plugin to easily build WordPress websites entirely managed via Composer.",
            "keywords": [
                "composer",
                "composer plugin",
                "config",
                "env",
                "wordpress",
                "wp",
                "wp-config"
            ],
            "support": {
                "issues": "https://github.com/wecodemore/wpstarter/issues",
                "source": "https://github.com/wecodemore/wpstarter"
            },
            "time": "2023-03-01T16:51:27+00:00"
        },
        {
            "name": "wpackagist-plugin/apcu-manager",
            "version": "3.9.0",
            "source": {
                "type": "svn",
                "url": "https://plugins.svn.wordpress.org/apcu-manager/",
                "reference": "tags/3.9.0"
            },
            "dist": {
                "type": "zip",
                "url": "https://downloads.wordpress.org/plugin/apcu-manager.3.9.0.zip"
            },
            "require": {
                "composer/installers": "^1.0 || ^2.0"
            },
            "type": "wordpress-plugin",
            "homepage": "https://wordpress.org/plugins/apcu-manager/"
        },
        {
            "name": "wpackagist-plugin/async-javascript",
            "version": "2.21.08.31",
            "source": {
                "type": "svn",
                "url": "https://plugins.svn.wordpress.org/async-javascript/",
                "reference": "tags/2.21.08.31"
            },
            "dist": {
                "type": "zip",
                "url": "https://downloads.wordpress.org/plugin/async-javascript.2.21.08.31.zip"
            },
            "require": {
                "composer/installers": "^1.0 || ^2.0"
            },
            "type": "wordpress-plugin",
            "homepage": "https://wordpress.org/plugins/async-javascript/"
        },
        {
            "name": "wpackagist-plugin/better-search-replace",
            "version": "1.4.7",
            "source": {
                "type": "svn",
                "url": "https://plugins.svn.wordpress.org/better-search-replace/",
                "reference": "tags/1.4.7"
            },
            "dist": {
                "type": "zip",
                "url": "https://downloads.wordpress.org/plugin/better-search-replace.1.4.7.zip"
            },
            "require": {
                "composer/installers": "^1.0 || ^2.0"
            },
            "type": "wordpress-plugin",
            "homepage": "https://wordpress.org/plugins/better-search-replace/"
        },
        {
            "name": "wpackagist-plugin/block-xray-attributes",
            "version": "1.2.0",
            "source": {
                "type": "svn",
                "url": "https://plugins.svn.wordpress.org/block-xray-attributes/",
                "reference": "tags/1.2.0"
            },
            "dist": {
                "type": "zip",
                "url": "https://downloads.wordpress.org/plugin/block-xray-attributes.1.2.0.zip"
            },
            "require": {
                "composer/installers": "^1.0 || ^2.0"
            },
            "type": "wordpress-plugin",
            "homepage": "https://wordpress.org/plugins/block-xray-attributes/"
        },
        {
            "name": "wpackagist-plugin/bulk-delete",
            "version": "6.0.2",
            "source": {
                "type": "svn",
                "url": "https://plugins.svn.wordpress.org/bulk-delete/",
                "reference": "tags/6.0.2"
            },
            "dist": {
                "type": "zip",
                "url": "https://downloads.wordpress.org/plugin/bulk-delete.6.0.2.zip"
            },
            "require": {
                "composer/installers": "^1.0 || ^2.0"
            },
            "type": "wordpress-plugin",
            "homepage": "https://wordpress.org/plugins/bulk-delete/"
        },
        {
            "name": "wpackagist-plugin/clarity-ad-blocker",
            "version": "1.3.231102",
            "source": {
                "type": "svn",
                "url": "https://plugins.svn.wordpress.org/clarity-ad-blocker/",
                "reference": "tags/1.3.231102"
            },
            "dist": {
                "type": "zip",
                "url": "https://downloads.wordpress.org/plugin/clarity-ad-blocker.1.3.231102.zip"
            },
            "require": {
                "composer/installers": "^1.0 || ^2.0"
            },
            "type": "wordpress-plugin",
            "homepage": "https://wordpress.org/plugins/clarity-ad-blocker/"
        },
        {
            "name": "wpackagist-plugin/create-block-theme",
            "version": "1.13.8",
            "source": {
                "type": "svn",
                "url": "https://plugins.svn.wordpress.org/create-block-theme/",
                "reference": "tags/1.13.8"
            },
            "dist": {
                "type": "zip",
                "url": "https://downloads.wordpress.org/plugin/create-block-theme.1.13.8.zip"
            },
            "require": {
                "composer/installers": "^1.0 || ^2.0"
            },
            "type": "wordpress-plugin",
            "homepage": "https://wordpress.org/plugins/create-block-theme/"
        },
        {
            "name": "wpackagist-plugin/custom-post-type-permalinks",
            "version": "3.5.2",
            "source": {
                "type": "svn",
                "url": "https://plugins.svn.wordpress.org/custom-post-type-permalinks/",
                "reference": "tags/3.5.2"
            },
            "dist": {
                "type": "zip",
                "url": "https://downloads.wordpress.org/plugin/custom-post-type-permalinks.3.5.2.zip"
            },
            "require": {
                "composer/installers": "^1.0 || ^2.0"
            },
            "type": "wordpress-plugin",
            "homepage": "https://wordpress.org/plugins/custom-post-type-permalinks/"
        },
        {
            "name": "wpackagist-plugin/custom-post-type-ui",
            "version": "1.16.0",
            "source": {
                "type": "svn",
                "url": "https://plugins.svn.wordpress.org/custom-post-type-ui/",
                "reference": "tags/1.16.0"
            },
            "dist": {
                "type": "zip",
                "url": "https://downloads.wordpress.org/plugin/custom-post-type-ui.1.16.0.zip"
            },
            "require": {
                "composer/installers": "^1.0 || ^2.0"
            },
            "type": "wordpress-plugin",
            "homepage": "https://wordpress.org/plugins/custom-post-type-ui/"
        },
        {
            "name": "wpackagist-plugin/duplicate-post",
            "version": "4.5",
            "source": {
                "type": "svn",
                "url": "https://plugins.svn.wordpress.org/duplicate-post/",
                "reference": "tags/4.5"
            },
            "dist": {
                "type": "zip",
                "url": "https://downloads.wordpress.org/plugin/duplicate-post.4.5.zip"
            },
            "require": {
                "composer/installers": "^1.0 || ^2.0"
            },
            "type": "wordpress-plugin",
            "homepage": "https://wordpress.org/plugins/duplicate-post/"
        },
        {
            "name": "wpackagist-plugin/fluent-smtp",
            "version": "2.2.73",
            "source": {
                "type": "svn",
                "url": "https://plugins.svn.wordpress.org/fluent-smtp/",
                "reference": "tags/2.2.73"
            },
            "dist": {
                "type": "zip",
                "url": "https://downloads.wordpress.org/plugin/fluent-smtp.2.2.73.zip"
            },
            "require": {
                "composer/installers": "^1.0 || ^2.0"
            },
            "type": "wordpress-plugin",
            "homepage": "https://wordpress.org/plugins/fluent-smtp/"
        },
        {
            "name": "wpackagist-plugin/gutenberg",
            "version": "18.5.0",
            "source": {
                "type": "svn",
                "url": "https://plugins.svn.wordpress.org/gutenberg/",
                "reference": "tags/18.5.0"
            },
            "dist": {
                "type": "zip",
                "url": "https://downloads.wordpress.org/plugin/gutenberg.18.5.0.zip"
            },
            "require": {
                "composer/installers": "^1.0 || ^2.0"
            },
            "type": "wordpress-plugin",
            "homepage": "https://wordpress.org/plugins/gutenberg/"
        },
        {
            "name": "wpackagist-plugin/icon-block",
            "version": "1.8.0",
            "source": {
                "type": "svn",
                "url": "https://plugins.svn.wordpress.org/icon-block/",
                "reference": "tags/1.8.0"
            },
            "dist": {
                "type": "zip",
                "url": "https://downloads.wordpress.org/plugin/icon-block.1.8.0.zip"
            },
            "require": {
                "composer/installers": "^1.0 || ^2.0"
            },
            "type": "wordpress-plugin",
            "homepage": "https://wordpress.org/plugins/icon-block/"
        },
        {
            "name": "wpackagist-plugin/log-http-requests",
            "version": "1.4.1",
            "source": {
                "type": "svn",
                "url": "https://plugins.svn.wordpress.org/log-http-requests/",
                "reference": "trunk"
            },
            "dist": {
                "type": "zip",
                "url": "https://downloads.wordpress.org/plugin/log-http-requests.zip?timestamp=1689594852"
            },
            "require": {
                "composer/installers": "^1.0 || ^2.0"
            },
            "type": "wordpress-plugin",
            "homepage": "https://wordpress.org/plugins/log-http-requests/"
        },
        {
            "name": "wpackagist-plugin/lorem-ipsum-blocks",
            "version": "1.3.0",
            "source": {
                "type": "svn",
                "url": "https://plugins.svn.wordpress.org/lorem-ipsum-blocks/",
                "reference": "tags/1.3.0"
            },
            "dist": {
                "type": "zip",
                "url": "https://downloads.wordpress.org/plugin/lorem-ipsum-blocks.1.3.0.zip"
            },
            "require": {
                "composer/installers": "^1.0 || ^2.0"
            },
            "type": "wordpress-plugin",
            "homepage": "https://wordpress.org/plugins/lorem-ipsum-blocks/"
        },
        {
            "name": "wpackagist-plugin/mariadb-health-checks",
            "version": "1.1.0",
            "source": {
                "type": "svn",
                "url": "https://plugins.svn.wordpress.org/mariadb-health-checks/",
                "reference": "tags/1.1.0"
            },
            "dist": {
                "type": "zip",
                "url": "https://downloads.wordpress.org/plugin/mariadb-health-checks.1.1.0.zip"
            },
            "require": {
                "composer/installers": "^1.0 || ^2.0"
            },
            "type": "wordpress-plugin",
            "homepage": "https://wordpress.org/plugins/mariadb-health-checks/"
        },
        {
            "name": "wpackagist-plugin/passwords-evolved",
            "version": "1.3.3",
            "source": {
                "type": "svn",
                "url": "https://plugins.svn.wordpress.org/passwords-evolved/",
                "reference": "tags/1.3.3"
            },
            "dist": {
                "type": "zip",
                "url": "https://downloads.wordpress.org/plugin/passwords-evolved.1.3.3.zip"
            },
            "require": {
                "composer/installers": "^1.0 || ^2.0"
            },
            "type": "wordpress-plugin",
            "homepage": "https://wordpress.org/plugins/passwords-evolved/"
        },
        {
            "name": "wpackagist-plugin/patchstack",
            "version": "2.2.12",
            "source": {
                "type": "svn",
                "url": "https://plugins.svn.wordpress.org/patchstack/",
                "reference": "tags/2.2.12"
            },
            "dist": {
                "type": "zip",
                "url": "https://downloads.wordpress.org/plugin/patchstack.2.2.12.zip"
            },
            "require": {
                "composer/installers": "^1.0 || ^2.0"
            },
            "type": "wordpress-plugin",
            "homepage": "https://wordpress.org/plugins/patchstack/"
        },
        {
            "name": "wpackagist-plugin/pre-publish-checklist",
            "version": "1.1.3",
            "source": {
                "type": "svn",
                "url": "https://plugins.svn.wordpress.org/pre-publish-checklist/",
                "reference": "tags/1.1.3"
            },
            "dist": {
                "type": "zip",
                "url": "https://downloads.wordpress.org/plugin/pre-publish-checklist.1.1.3.zip"
            },
            "require": {
                "composer/installers": "^1.0 || ^2.0"
            },
            "type": "wordpress-plugin",
            "homepage": "https://wordpress.org/plugins/pre-publish-checklist/"
        },
        {
            "name": "wpackagist-plugin/query-monitor",
            "version": "3.16.3",
            "source": {
                "type": "svn",
                "url": "https://plugins.svn.wordpress.org/query-monitor/",
                "reference": "tags/3.16.3"
            },
            "dist": {
                "type": "zip",
                "url": "https://downloads.wordpress.org/plugin/query-monitor.3.16.3.zip"
            },
            "require": {
                "composer/installers": "^1.0 || ^2.0"
            },
            "type": "wordpress-plugin",
            "homepage": "https://wordpress.org/plugins/query-monitor/"
        },
        {
            "name": "wpackagist-plugin/rest-api-toolbox",
            "version": "1.4.3",
            "source": {
                "type": "svn",
                "url": "https://plugins.svn.wordpress.org/rest-api-toolbox/",
                "reference": "tags/1.4.3"
            },
            "dist": {
                "type": "zip",
                "url": "https://downloads.wordpress.org/plugin/rest-api-toolbox.1.4.3.zip"
            },
            "require": {
                "composer/installers": "^1.0 || ^2.0"
            },
            "type": "wordpress-plugin",
            "homepage": "https://wordpress.org/plugins/rest-api-toolbox/"
        },
        {
            "name": "wpackagist-plugin/reusable-blocks-extended",
            "version": "0.9.1",
            "source": {
                "type": "svn",
                "url": "https://plugins.svn.wordpress.org/reusable-blocks-extended/",
                "reference": "tags/0.9.1"
            },
            "dist": {
                "type": "zip",
                "url": "https://downloads.wordpress.org/plugin/reusable-blocks-extended.0.9.1.zip"
            },
            "require": {
                "composer/installers": "^1.0 || ^2.0"
            },
            "type": "wordpress-plugin",
            "homepage": "https://wordpress.org/plugins/reusable-blocks-extended/"
        },
        {
            "name": "wpackagist-plugin/reveal-ids-for-wp-admin-25",
            "version": "1.6.1",
            "source": {
                "type": "svn",
                "url": "https://plugins.svn.wordpress.org/reveal-ids-for-wp-admin-25/",
                "reference": "tags/1.6.1"
            },
            "dist": {
                "type": "zip",
                "url": "https://downloads.wordpress.org/plugin/reveal-ids-for-wp-admin-25.1.6.1.zip"
            },
            "require": {
                "composer/installers": "^1.0 || ^2.0"
            },
            "type": "wordpress-plugin",
            "homepage": "https://wordpress.org/plugins/reveal-ids-for-wp-admin-25/"
        },
        {
            "name": "wpackagist-plugin/rewrite-rules-inspector",
            "version": "1.4.0",
            "source": {
                "type": "svn",
                "url": "https://plugins.svn.wordpress.org/rewrite-rules-inspector/",
                "reference": "tags/1.4.0"
            },
            "dist": {
                "type": "zip",
                "url": "https://downloads.wordpress.org/plugin/rewrite-rules-inspector.1.4.0.zip"
            },
            "require": {
                "composer/installers": "^1.0 || ^2.0"
            },
            "type": "wordpress-plugin",
            "homepage": "https://wordpress.org/plugins/rewrite-rules-inspector/"
        },
        {
            "name": "wpackagist-plugin/rollback-update-failure",
            "version": "5.3.3",
            "source": {
                "type": "svn",
                "url": "https://plugins.svn.wordpress.org/rollback-update-failure/",
                "reference": "tags/5.3.3"
            },
            "dist": {
                "type": "zip",
                "url": "https://downloads.wordpress.org/plugin/rollback-update-failure.5.3.3.zip"
            },
            "require": {
                "composer/installers": "^1.0 || ^2.0"
            },
            "type": "wordpress-plugin",
            "homepage": "https://wordpress.org/plugins/rollback-update-failure/"
        },
        {
            "name": "wpackagist-plugin/safe-svg",
            "version": "2.2.4",
            "source": {
                "type": "svn",
                "url": "https://plugins.svn.wordpress.org/safe-svg/",
                "reference": "tags/2.2.4"
            },
            "dist": {
                "type": "zip",
                "url": "https://downloads.wordpress.org/plugin/safe-svg.2.2.4.zip"
            },
            "require": {
                "composer/installers": "^1.0 || ^2.0"
            },
            "type": "wordpress-plugin",
            "homepage": "https://wordpress.org/plugins/safe-svg/"
        },
        {
            "name": "wpackagist-plugin/show-hooks",
            "version": "0.4",
            "source": {
                "type": "svn",
                "url": "https://plugins.svn.wordpress.org/show-hooks/",
                "reference": "tags/0.4"
            },
            "dist": {
                "type": "zip",
                "url": "https://downloads.wordpress.org/plugin/show-hooks.0.4.zip"
            },
            "require": {
                "composer/installers": "^1.0 || ^2.0"
            },
            "type": "wordpress-plugin",
            "homepage": "https://wordpress.org/plugins/show-hooks/"
        },
        {
            "name": "wpackagist-plugin/surge",
            "version": "1.1.0",
            "source": {
                "type": "svn",
                "url": "https://plugins.svn.wordpress.org/surge/",
                "reference": "tags/1.1.0"
            },
            "dist": {
                "type": "zip",
                "url": "https://downloads.wordpress.org/plugin/surge.1.1.0.zip"
            },
            "require": {
                "composer/installers": "^1.0 || ^2.0"
            },
            "type": "wordpress-plugin",
            "homepage": "https://wordpress.org/plugins/surge/"
        },
        {
            "name": "wpackagist-plugin/wayfinder",
            "version": "1.1.6",
            "source": {
                "type": "svn",
                "url": "https://plugins.svn.wordpress.org/wayfinder/",
                "reference": "trunk"
            },
            "dist": {
                "type": "zip",
                "url": "https://downloads.wordpress.org/plugin/wayfinder.zip?timestamp=1669485876"
            },
            "require": {
                "composer/installers": "^1.0 || ^2.0"
            },
            "type": "wordpress-plugin",
            "homepage": "https://wordpress.org/plugins/wayfinder/"
        },
        {
            "name": "wpackagist-plugin/wp-console",
            "version": "2.4.1",
            "source": {
                "type": "svn",
                "url": "https://plugins.svn.wordpress.org/wp-console/",
                "reference": "tags/2.4.1"
            },
            "dist": {
                "type": "zip",
                "url": "https://downloads.wordpress.org/plugin/wp-console.2.4.1.zip"
            },
            "require": {
                "composer/installers": "^1.0 || ^2.0"
            },
            "type": "wordpress-plugin",
            "homepage": "https://wordpress.org/plugins/wp-console/"
        },
        {
            "name": "wpackagist-plugin/wp-mailhog-smtp",
            "version": "1.0.1",
            "source": {
                "type": "svn",
                "url": "https://plugins.svn.wordpress.org/wp-mailhog-smtp/",
                "reference": "trunk"
            },
            "dist": {
                "type": "zip",
                "url": "https://downloads.wordpress.org/plugin/wp-mailhog-smtp.zip?timestamp=1627489338"
            },
            "require": {
                "composer/installers": "^1.0 || ^2.0"
            },
            "type": "wordpress-plugin",
            "homepage": "https://wordpress.org/plugins/wp-mailhog-smtp/"
        },
        {
            "name": "wpackagist-theme/blockbase",
            "version": "3.1.17",
            "source": {
                "type": "svn",
                "url": "https://themes.svn.wordpress.org/blockbase/",
                "reference": "3.1.17"
            },
            "dist": {
                "type": "zip",
                "url": "https://downloads.wordpress.org/theme/blockbase.3.1.17.zip"
            },
            "require": {
                "composer/installers": "^1.0 || ^2.0"
            },
            "type": "wordpress-theme",
            "homepage": "https://wordpress.org/themes/blockbase/"
        }
    ],
    "packages-dev": [],
    "aliases": [],
    "minimum-stability": "dev",
    "stability-flags": [],
    "prefer-stable": true,
    "prefer-lowest": false,
    "platform": [],
    "platform-dev": [],
    "plugin-api-version": "2.6.0"
}
